
Microsoft Visual Studio Solution File, Format Version 12.00
# Visual Studio Version 17
VisualStudioVersion = 17.13.36105.23
MinimumVisualStudioVersion = 10.0.40219.1
Project("{FAE04EC0-301F-11D3-BF4B-00C04F79EFBC}") = "EDCodex.Console", "EDCodex.Console\EDCodex.Console.csproj", "{8A78BB19-0DE0-6A53-F65A-34FE83C12F0A}"
EndProject
Project("{FAE04EC0-301F-11D3-BF4B-00C04F79EFBC}") = "EDCodex.Data", "EDCodex.Data\EDCodex.Data.csproj", "{63E966B3-F816-440A-BB7A-D396C22A67AC}"
EndProject
Project("{FAE04EC0-301F-11D3-BF4B-00C04F79EFBC}") = "EDCodex.Panel", "EDCodex.Panel\EDCodex.Panel.csproj", "{99636532-24A3-4F85-AE41-DBBCA96A8198}"
EndProject
Global
	GlobalSection(SolutionConfigurationPlatforms) = preSolution
		Debug|Any CPU = Debug|Any CPU
		Release|Any CPU = Release|Any CPU
	EndGlobalSection
	GlobalSection(ProjectConfigurationPlatforms) = postSolution
		{8A78BB19-0DE0-6A53-F65A-34FE83C12F0A}.Debug|Any CPU.ActiveCfg = Debug|Any CPU
		{8A78BB19-0DE0-6A53-F65A-34FE83C12F0A}.Debug|Any CPU.Build.0 = Debug|Any CPU
		{8A78BB19-0DE0-6A53-F65A-34FE83C12F0A}.Release|Any CPU.ActiveCfg = Release|Any CPU
		{8A78BB19-0DE0-6A53-F65A-34FE83C12F0A}.Release|Any CPU.Build.0 = Release|Any CPU
		{63E966B3-F816-440A-BB7A-D396C22A67AC}.Debug|Any CPU.ActiveCfg = Debug|Any CPU
		{63E966B3-F816-440A-BB7A-D396C22A67AC}.Debug|Any CPU.Build.0 = Debug|Any CPU
		{63E966B3-F816-440A-BB7A-D396C22A67AC}.Release|Any CPU.ActiveCfg = Release|Any CPU
		{63E966B3-F816-440A-BB7A-D396C22A67AC}.Release|Any CPU.Build.0 = Release|Any CPU
		{99636532-24A3-4F85-AE41-DBBCA96A8198}.Debug|Any CPU.ActiveCfg = Debug|Any CPU
		{99636532-24A3-4F85-AE41-DBBCA96A8198}.Debug|Any CPU.Build.0 = Debug|Any CPU
		{99636532-24A3-4F85-AE41-DBBCA96A8198}.Release|Any CPU.ActiveCfg = Release|Any CPU
		{99636532-24A3-4F85-AE41-DBBCA96A8198}.Release|Any CPU.Build.0 = Release|Any CPU
	EndGlobalSection
	GlobalSection(SolutionProperties) = preSolution
		HideSolutionNode = FALSE
	EndGlobalSection
	GlobalSection(ExtensibilityGlobals) = postSolution
		SolutionGuid = {4B7B4142-6C0F-477A-82C4-931B983470DE}
	EndGlobalSection
EndGlobal
